// !$*UTF8*$!
{
	archiveVersion = 1;
	classes = {
	};
	objectVersion = 50;
	objects = {

/* Begin PBXBuildFile section */
		C4DEB06426409D5B00811624 /* AppDelegate.swift in Sources */ = {isa = PBXBuildFile; fileRef = C4DEB06326409D5B00811624 /* AppDelegate.swift */; };
		C4DEB06626409D5B00811624 /* SceneDelegate.swift in Sources */ = {isa = PBXBuildFile; fileRef = C4DEB06526409D5B00811624 /* SceneDelegate.swift */; };
		C4DEB06826409D5B00811624 /* ViewController.swift in Sources */ = {isa = PBXBuildFile; fileRef = C4DEB06726409D5B00811624 /* ViewController.swift */; };
		C4DEB06B26409D5B00811624 /* Main.storyboard in Resources */ = {isa = PBXBuildFile; fileRef = C4DEB06926409D5B00811624 /* Main.storyboard */; };
		C4DEB06D26409D5E00811624 /* Assets.xcassets in Resources */ = {isa = PBXBuildFile; fileRef = C4DEB06C26409D5E00811624 /* Assets.xcassets */; };
		C4DEB07026409D5E00811624 /* LaunchScreen.storyboard in Resources */ = {isa = PBXBuildFile; fileRef = C4DEB06E26409D5E00811624 /* LaunchScreen.storyboard */; };
		C4DEB07926409E6200811624 /* SignUpViewController.swift in Sources */ = {isa = PBXBuildFile; fileRef = C4DEB07826409E6200811624 /* SignUpViewController.swift */; };
		C4DEB07C26409E7400811624 /* LogInViewController.swift in Sources */ = {isa = PBXBuildFile; fileRef = C4DEB07B26409E7400811624 /* LogInViewController.swift */; };
		C4DEB07F26409E8200811624 /* HomeViewController.swift in Sources */ = {isa = PBXBuildFile; fileRef = C4DEB07E26409E8200811624 /* HomeViewController.swift */; };
		C4DEB08A2640AA6700811624 /* Constants.swift in Sources */ = {isa = PBXBuildFile; fileRef = C4DEB0892640AA6700811624 /* Constants.swift */; };
		C4DEB08D2640AA8000811624 /* Utilities.swift in Sources */ = {isa = PBXBuildFile; fileRef = C4DEB08C2640AA8000811624 /* Utilities.swift */; };
		C4DEB0902641475000811624 /* AccountData.swift in Sources */ = {isa = PBXBuildFile; fileRef = C4DEB08F2641475000811624 /* AccountData.swift */; };
		C4DEB093264148EC00811624 /* DataBase.swift in Sources */ = {isa = PBXBuildFile; fileRef = C4DEB092264148EC00811624 /* DataBase.swift */; };
/* End PBXBuildFile section */

/* Begin PBXFileReference section */
		C4DEB06026409D5B00811624 /* OnlineStore.app */ = {isa = PBXFileReference; explicitFileType = wrapper.application; includeInIndex = 0; path = OnlineStore.app; sourceTree = BUILT_PRODUCTS_DIR; };
		C4DEB06326409D5B00811624 /* AppDelegate.swift */ = {isa = PBXFileReference; lastKnownFileType = sourcecode.swift; path = AppDelegate.swift; sourceTree = "<group>"; };
		C4DEB06526409D5B00811624 /* SceneDelegate.swift */ = {isa = PBXFileReference; lastKnownFileType = sourcecode.swift; path = SceneDelegate.swift; sourceTree = "<group>"; };
		C4DEB06726409D5B00811624 /* ViewController.swift */ = {isa = PBXFileReference; lastKnownFileType = sourcecode.swift; path = ViewController.swift; sourceTree = "<group>"; };
		C4DEB06A26409D5B00811624 /* Base */ = {isa = PBXFileReference; lastKnownFileType = file.storyboard; name = Base; path = Base.lproj/Main.storyboard; sourceTree = "<group>"; };
		C4DEB06C26409D5E00811624 /* Assets.xcassets */ = {isa = PBXFileReference; lastKnownFileType = folder.assetcatalog; path = Assets.xcassets; sourceTree = "<group>"; };
		C4DEB06F26409D5E00811624 /* Base */ = {isa = PBXFileReference; lastKnownFileType = file.storyboard; name = Base; path = Base.lproj/LaunchScreen.storyboard; sourceTree = "<group>"; };
		C4DEB07126409D5E00811624 /* Info.plist */ = {isa = PBXFileReference; lastKnownFileType = text.plist.xml; path = Info.plist; sourceTree = "<group>"; };
		C4DEB07826409E6200811624 /* SignUpViewController.swift */ = {isa = PBXFileReference; lastKnownFileType = sourcecode.swift; path = SignUpViewController.swift; sourceTree = "<group>"; };
		C4DEB07B26409E7400811624 /* LogInViewController.swift */ = {isa = PBXFileReference; lastKnownFileType = sourcecode.swift; path = LogInViewController.swift; sourceTree = "<group>"; };
		C4DEB07E26409E8200811624 /* HomeViewController.swift */ = {isa = PBXFileReference; lastKnownFileType = sourcecode.swift; path = HomeViewController.swift; sourceTree = "<group>"; };
		C4DEB0892640AA6700811624 /* Constants.swift */ = {isa = PBXFileReference; lastKnownFileType = sourcecode.swift; path = Constants.swift; sourceTree = "<group>"; };
		C4DEB08C2640AA8000811624 /* Utilities.swift */ = {isa = PBXFileReference; lastKnownFileType = sourcecode.swift; path = Utilities.swift; sourceTree = "<group>"; };
		C4DEB08F2641475000811624 /* AccountData.swift */ = {isa = PBXFileReference; lastKnownFileType = sourcecode.swift; path = AccountData.swift; sourceTree = "<group>"; };
		C4DEB092264148EC00811624 /* DataBase.swift */ = {isa = PBXFileReference; lastKnownFileType = sourcecode.swift; path = DataBase.swift; sourceTree = "<group>"; };
/* End PBXFileReference section */

/* Begin PBXFrameworksBuildPhase section */
		C4DEB05D26409D5B00811624 /* Frameworks */ = {
			isa = PBXFrameworksBuildPhase;
			buildActionMask = 2147483647;
			files = (
			);
			runOnlyForDeploymentPostprocessing = 0;
		};
/* End PBXFrameworksBuildPhase section */

/* Begin PBXGroup section */
		C4DEB05726409D5B00811624 = {
			isa = PBXGroup;
			children = (
				C4DEB06226409D5B00811624 /* OnlineStore */,
				C4DEB06126409D5B00811624 /* Products */,
			);
			sourceTree = "<group>";
		};
		C4DEB06126409D5B00811624 /* Products */ = {
			isa = PBXGroup;
			children = (
				C4DEB06026409D5B00811624 /* OnlineStore.app */,
			);
			name = Products;
			sourceTree = "<group>";
		};
		C4DEB06226409D5B00811624 /* OnlineStore */ = {
			isa = PBXGroup;
			children = (
				C4DEB0832640A99500811624 /* Helpers */,
				C4DEB08126409E8D00811624 /* ViewControllers */,
				C4DEB06326409D5B00811624 /* AppDelegate.swift */,
				C4DEB06526409D5B00811624 /* SceneDelegate.swift */,
				C4DEB06926409D5B00811624 /* Main.storyboard */,
				C4DEB06C26409D5E00811624 /* Assets.xcassets */,
				C4DEB06E26409D5E00811624 /* LaunchScreen.storyboard */,
				C4DEB07126409D5E00811624 /* Info.plist */,
				C4DEB08F2641475000811624 /* AccountData.swift */,
				C4DEB092264148EC00811624 /* DataBase.swift */,
			);
			path = OnlineStore;
			sourceTree = "<group>";
		};
		C4DEB08126409E8D00811624 /* ViewControllers */ = {
			isa = PBXGroup;
			children = (
				C4DEB06726409D5B00811624 /* ViewController.swift */,
				C4DEB07826409E6200811624 /* SignUpViewController.swift */,
				C4DEB07B26409E7400811624 /* LogInViewController.swift */,
				C4DEB07E26409E8200811624 /* HomeViewController.swift */,
			);
			path = ViewControllers;
			sourceTree = "<group>";
		};
		C4DEB0832640A99500811624 /* Helpers */ = {
			isa = PBXGroup;
			children = (
				C4DEB0892640AA6700811624 /* Constants.swift */,
				C4DEB08C2640AA8000811624 /* Utilities.swift */,
			);
			path = Helpers;
			sourceTree = "<group>";
		};
/* End PBXGroup section */

/* Begin PBXNativeTarget section */
		C4DEB05F26409D5B00811624 /* OnlineStore */ = {
			isa = PBXNativeTarget;
			buildConfigurationList = C4DEB07426409D5E00811624 /* Build configuration list for PBXNativeTarget "OnlineStore" */;
			buildPhases = (
				C4DEB05C26409D5B00811624 /* Sources */,
				C4DEB05D26409D5B00811624 /* Frameworks */,
				C4DEB05E26409D5B00811624 /* Resources */,
			);
			buildRules = (
			);
			dependencies = (
			);
			name = OnlineStore;
			productName = OnlineStore;
			productReference = C4DEB06026409D5B00811624 /* OnlineStore.app */;
			productType = "com.apple.product-type.application";
		};
/* End PBXNativeTarget section */

/* Begin PBXProject section */
		C4DEB05826409D5B00811624 /* Project object */ = {
			isa = PBXProject;
			attributes = {
				LastSwiftUpdateCheck = 1200;
				LastUpgradeCheck = 1200;
				TargetAttributes = {
					C4DEB05F26409D5B00811624 = {
						CreatedOnToolsVersion = 12.0.1;
					};
				};
			};
			buildConfigurationList = C4DEB05B26409D5B00811624 /* Build configuration list for PBXProject "OnlineStore" */;
			compatibilityVersion = "Xcode 9.3";
			developmentRegion = en;
			hasScannedForEncodings = 0;
			knownRegions = (
				en,
				Base,
			);
			mainGroup = C4DEB05726409D5B00811624;
			productRefGroup = C4DEB06126409D5B00811624 /* Products */;
			projectDirPath = "";
			projectRoot = "";
			targets = (
				C4DEB05F26409D5B00811624 /* OnlineStore */,
			);
		};
/* End PBXProject section */

/* Begin PBXResourcesBuildPhase section */
		C4DEB05E26409D5B00811624 /* Resources */ = {
			isa = PBXResourcesBuildPhase;
			buildActionMask = 2147483647;
			files = (
				C4DEB07026409D5E00811624 /* LaunchScreen.storyboard in Resources */,
				C4DEB06D26409D5E00811624 /* Assets.xcassets in Resources */,
				C4DEB06B26409D5B00811624 /* Main.storyboard in Resources */,
			);
			runOnlyForDeploymentPostprocessing = 0;
		};
/* End PBXResourcesBuildPhase section */

/* Begin PBXSourcesBuildPhase section */
		C4DEB05C26409D5B00811624 /* Sources */ = {
			isa = PBXSourcesBuildPhase;
			buildActionMask = 2147483647;
			files = (
				C4DEB093264148EC00811624 /* DataBase.swift in Sources */,
				C4DEB06826409D5B00811624 /* ViewController.swift in Sources */,
				C4DEB06426409D5B00811624 /* AppDelegate.swift in Sources */,
				C4DEB07926409E6200811624 /* SignUpViewController.swift in Sources */,
				C4DEB07C26409E7400811624 /* LogInViewController.swift in Sources */,
				C4DEB08A2640AA6700811624 /* Constants.swift in Sources */,
				C4DEB06626409D5B00811624 /* SceneDelegate.swift in Sources */,
				C4DEB08D2640AA8000811624 /* Utilities.swift in Sources */,
				C4DEB0902641475000811624 /* AccountData.swift in Sources */,
				C4DEB07F26409E8200811624 /* HomeViewController.swift in Sources */,
			);
			runOnlyForDeploymentPostprocessing = 0;
		};
/* End PBXSourcesBuildPhase section */

/* Begin PBXVariantGroup section */
		C4DEB06926409D5B00811624 /* Main.storyboard */ = {
			isa = PBXVariantGroup;
			children = (
				C4DEB06A26409D5B00811624 /* Base */,
			);
			name = Main.storyboard;
			sourceTree = "<group>";
		};
		C4DEB06E26409D5E00811624 /* LaunchScreen.storyboard */ = {
			isa = PBXVariantGroup;
			children = (
				C4DEB06F26409D5E00811624 /* Base */,
			);
			name = LaunchScreen.storyboard;
			sourceTree = "<group>";
		};
/* End PBXVariantGroup section */

/* Begin XCBuildConfiguration section */
		C4DEB07226409D5E00811624 /* Debug */ = {
			isa = XCBuildConfiguration;
			buildSettings = {
				ALWAYS_SEARCH_USER_PATHS = NO;
				CLANG_ANALYZER_NONNULL = YES;
				CLANG_ANALYZER_NUMBER_OBJECT_CONVERSION = YES_AGGRESSIVE;
				CLANG_CXX_LANGUAGE_STANDARD = "gnu++14";
				CLANG_CXX_LIBRARY = "libc++";
				CLANG_ENABLE_MODULES = YES;
				CLANG_ENABLE_OBJC_ARC = YES;
				CLANG_ENABLE_OBJC_WEAK = YES;
				CLANG_WARN_BLOCK_CAPTURE_AUTORELEASING = YES;
				CLANG_WARN_BOOL_CONVERSION = YES;
				CLANG_WARN_COMMA = YES;
				CLANG_WARN_CONSTANT_CONVERSION = YES;
				CLANG_WARN_DEPRECATED_OBJC_IMPLEMENTATIONS = YES;
				CLANG_WARN_DIRECT_OBJC_ISA_USAGE = YES_ERROR;
				CLANG_WARN_DOCUMENTATION_COMMENTS = YES;
				CLANG_WARN_EMPTY_BODY = YES;
				CLANG_WARN_ENUM_CONVERSION = YES;
				CLANG_WARN_INFINITE_RECURSION = YES;
				CLANG_WARN_INT_CONVERSION = YES;
				CLANG_WARN_NON_LITERAL_NULL_CONVERSION = YES;
				CLANG_WARN_OBJC_IMPLICIT_RETAIN_SELF = YES;
				CLANG_WARN_OBJC_LITERAL_CONVERSION = YES;
				CLANG_WARN_OBJC_ROOT_CLASS = YES_ERROR;
				CLANG_WARN_QUOTED_INCLUDE_IN_FRAMEWORK_HEADER = YES;
				CLANG_WARN_RANGE_LOOP_ANALYSIS = YES;
				CLANG_WARN_STRICT_PROTOTYPES = YES;
				CLANG_WARN_SUSPICIOUS_MOVE = YES;
				CLANG_WARN_UNGUARDED_AVAILABILITY = YES_AGGRESSIVE;
				CLANG_WARN_UNREACHABLE_CODE = YES;
				CLANG_WARN__DUPLICATE_METHOD_MATCH = YES;
				COPY_PHASE_STRIP = NO;
				DEBUG_INFORMATION_FORMAT = dwarf;
				ENABLE_STRICT_OBJC_MSGSEND = YES;
				ENABLE_TESTABILITY = YES;
				GCC_C_LANGUAGE_STANDARD = gnu11;
				GCC_DYNAMIC_NO_PIC = NO;
				GCC_NO_COMMON_BLOCKS = YES;
				GCC_OPTIMIZATION_LEVEL = 0;
				GCC_PREPROCESSOR_DEFINITIONS = (
					"DEBUG=1",
					"$(inherited)",
				);
				GCC_WARN_64_TO_32_BIT_CONVERSION = YES;
				GCC_WARN_ABOUT_RETURN_TYPE = YES_ERROR;
				GCC_WARN_UNDECLARED_SELECTOR = YES;
				GCC_WARN_UNINITIALIZED_AUTOS = YES_AGGRESSIVE;
				GCC_WARN_UNUSED_FUNCTION = YES;
				GCC_WARN_UNUSED_VARIABLE = YES;
				IPHONEOS_DEPLOYMENT_TARGET = 14.0;
				MTL_ENABLE_DEBUG_INFO = INCLUDE_SOURCE;
				MTL_FAST_MATH = YES;
				ONLY_ACTIVE_ARCH = YES;
				SDKROOT = iphoneos;
				SWIFT_ACTIVE_COMPILATION_CONDITIONS = DEBUG;
				SWIFT_OPTIMIZATION_LEVEL = "-Onone";
			};
			name = Debug;
		};
		C4DEB07326409D5E00811624 /* Release */ = {
			isa = XCBuildConfiguration;
			buildSettings = {
				ALWAYS_SEARCH_USER_PATHS = NO;
				CLANG_ANALYZER_NONNULL = YES;
				CLANG_ANALYZER_NUMBER_OBJECT_CONVERSION = YES_AGGRESSIVE;
				CLANG_CXX_LANGUAGE_STANDARD = "gnu++14";
				CLANG_CXX_LIBRARY = "libc++";
				CLANG_ENABLE_MODULES = YES;
				CLANG_ENABLE_OBJC_ARC = YES;
				CLANG_ENABLE_OBJC_WEAK = YES;
				CLANG_WARN_BLOCK_CAPTURE_AUTORELEASING = YES;
				CLANG_WARN_BOOL_CONVERSION = YES;
				CLANG_WARN_COMMA = YES;
				CLANG_WARN_CONSTANT_CONVERSION = YES;
				CLANG_WARN_DEPRECATED_OBJC_IMPLEMENTATIONS = YES;
				CLANG_WARN_DIRECT_OBJC_ISA_USAGE = YES_ERROR;
				CLANG_WARN_DOCUMENTATION_COMMENTS = YES;
				CLANG_WARN_EMPTY_BODY = YES;
				CLANG_WARN_ENUM_CONVERSION = YES;
				CLANG_WARN_INFINITE_RECURSION = YES;
				CLANG_WARN_INT_CONVERSION = YES;
				CLANG_WARN_NON_LITERAL_NULL_CONVERSION = YES;
				CLANG_WARN_OBJC_IMPLICIT_RETAIN_SELF = YES;
				CLANG_WARN_OBJC_LITERAL_CONVERSION = YES;
				CLANG_WARN_OBJC_ROOT_CLASS = YES_ERROR;
				CLANG_WARN_QUOTED_INCLUDE_IN_FRAMEWORK_HEADER = YES;
				CLANG_WARN_RANGE_LOOP_ANALYSIS = YES;
				CLANG_WARN_STRICT_PROTOTYPES = YES;
				CLANG_WARN_SUSPICIOUS_MOVE = YES;
				CLANG_WARN_UNGUARDED_AVAILABILITY = YES_AGGRESSIVE;
				CLANG_WARN_UNREACHABLE_CODE = YES;
				CLANG_WARN__DUPLICATE_METHOD_MATCH = YES;
				COPY_PHASE_STRIP = NO;
				DEBUG_INFORMATION_FORMAT = "dwarf-with-dsym";
				ENABLE_NS_ASSERTIONS = NO;
				ENABLE_STRICT_OBJC_MSGSEND = YES;
				GCC_C_LANGUAGE_STANDARD = gnu11;
				GCC_NO_COMMON_BLOCKS = YES;
				GCC_WARN_64_TO_32_BIT_CONVERSION = YES;
				GCC_WARN_ABOUT_RETURN_TYPE = YES_ERROR;
				GCC_WARN_UNDECLARED_SELECTOR = YES;
				GCC_WARN_UNINITIALIZED_AUTOS = YES_AGGRESSIVE;
				GCC_WARN_UNUSED_FUNCTION = YES;
				GCC_WARN_UNUSED_VARIABLE = YES;
				IPHONEOS_DEPLOYMENT_TARGET = 14.0;
				MTL_ENABLE_DEBUG_INFO = NO;
				MTL_FAST_MATH = YES;
				SDKROOT = iphoneos;
				SWIFT_COMPILATION_MODE = wholemodule;
				SWIFT_OPTIMIZATION_LEVEL = "-O";
				VALIDATE_PRODUCT = YES;
			};
			name = Release;
		};
		C4DEB07526409D5E00811624 /* Debug */ = {
			isa = XCBuildConfiguration;
			buildSettings = {
				ASSETCATALOG_COMPILER_APPICON_NAME = AppIcon;
				ASSETCATALOG_COMPILER_GLOBAL_ACCENT_COLOR_NAME = AccentColor;
				CODE_SIGN_STYLE = Automatic;
				DEVELOPMENT_TEAM = LQ43TS27BL;
				INFOPLIST_FILE = OnlineStore/Info.plist;
				LD_RUNPATH_SEARCH_PATHS = (
					"$(inherited)",
					"@executable_path/Frameworks",
				);
				PRODUCT_BUNDLE_IDENTIFIER = Yaroslav.OnlineStore;
				PRODUCT_NAME = "$(TARGET_NAME)";
				SWIFT_VERSION = 5.0;
				TARGETED_DEVICE_FAMILY = "1,2";
			};
			name = Debug;
		};
		C4DEB07626409D5E00811624 /* Release */ = {
			isa = XCBuildConfiguration;
			buildSettings = {
				ASSETCATALOG_COMPILER_APPICON_NAME = AppIcon;
				ASSETCATALOG_COMPILER_GLOBAL_ACCENT_COLOR_NAME = AccentColor;
				CODE_SIGN_STYLE = Automatic;
				DEVELOPMENT_TEAM = LQ43TS27BL;
				INFOPLIST_FILE = OnlineStore/Info.plist;
				LD_RUNPATH_SEARCH_PATHS = (
					"$(inherited)",
					"@executable_path/Frameworks",
				);
				PRODUCT_BUNDLE_IDENTIFIER = Yaroslav.OnlineStore;
				PRODUCT_NAME = "$(TARGET_NAME)";
				SWIFT_VERSION = 5.0;
				TARGETED_DEVICE_FAMILY = "1,2";
			};
			name = Release;
		};
/* End XCBuildConfiguration section */

/* Begin XCConfigurationList section */
		C4DEB05B26409D5B00811624 /* Build configuration list for PBXProject "OnlineStore" */ = {
			isa = XCConfigurationList;
			buildConfigurations = (
				C4DEB07226409D5E00811624 /* Debug */,
				C4DEB07326409D5E00811624 /* Release */,
			);
			defaultConfigurationIsVisible = 0;
			defaultConfigurationName = Release;
		};
		C4DEB07426409D5E00811624 /* Build configuration list for PBXNativeTarget "OnlineStore" */ = {
			isa = XCConfigurationList;
			buildConfigurations = (
				C4DEB07526409D5E00811624 /* Debug */,
				C4DEB07626409D5E00811624 /* Release */,
			);
			defaultConfigurationIsVisible = 0;
			defaultConfigurationName = Release;
		};
/* End XCConfigurationList section */
	};
	rootObject = C4DEB05826409D5B00811624 /* Project object */;
}
